// !$*UTF8*$!
{
	archiveVersion = 1;
	classes = {
	};
	objectVersion = 46;
	objects = {

/* Begin PBXBuildFile section */
		6E0C5BB91C8373DB00AF63E5 /* Darwin.swift in Sources */ = {isa = PBXBuildFile; fileRef = 6E0C5BB81C8373DB00AF63E5 /* Darwin.swift */; };
		6E0C5BC21C837AA700AF63E5 /* ScanTest.swift in Sources */ = {isa = PBXBuildFile; fileRef = 6E0C5BBE1C8379D100AF63E5 /* ScanTest.swift */; };
		6E0C5BC31C837AAA00AF63E5 /* iBeaconTest.swift in Sources */ = {isa = PBXBuildFile; fileRef = 6E0C5BC01C837A9F00AF63E5 /* iBeaconTest.swift */; };
		6E0C5BD81C83A45100AF63E5 /* SecurityType.swift in Sources */ = {isa = PBXBuildFile; fileRef = 6E0C5BD71C83A45100AF63E5 /* SecurityType.swift */; };
		6E196CC31C8659DA009FA9CF /* HCI.swift in Sources */ = {isa = PBXBuildFile; fileRef = 6E196CC21C8659DA009FA9CF /* HCI.swift */; };
		6E196CC51C869A2E009FA9CF /* IOCTL.swift in Sources */ = {isa = PBXBuildFile; fileRef = 6E196CC41C869A2E009FA9CF /* IOCTL.swift */; };
		6E196CC71C86A5EC009FA9CF /* BluetoothProtocol.swift in Sources */ = {isa = PBXBuildFile; fileRef = 6E196CC61C86A5EC009FA9CF /* BluetoothProtocol.swift */; };
		6E196CCB1C87B47E009FA9CF /* DeviceCommand.swift in Sources */ = {isa = PBXBuildFile; fileRef = 6E196CCA1C87B47E009FA9CF /* DeviceCommand.swift */; };
		6E53E1731C84FD8200AC8FCA /* GATTServer.swift in Sources */ = {isa = PBXBuildFile; fileRef = 6E53E1721C84FD8200AC8FCA /* GATTServer.swift */; };
		6E53E1751C84FD8C00AC8FCA /* GATTClient.swift in Sources */ = {isa = PBXBuildFile; fileRef = 6E53E1741C84FD8C00AC8FCA /* GATTClient.swift */; };
		6E53E1771C8503AC00AC8FCA /* GATTDatabase.swift in Sources */ = {isa = PBXBuildFile; fileRef = 6E53E1761C8503AC00AC8FCA /* GATTDatabase.swift */; };
		6E53E1791C8503CA00AC8FCA /* ATTConnection.swift in Sources */ = {isa = PBXBuildFile; fileRef = 6E53E1781C8503CA00AC8FCA /* ATTConnection.swift */; };
		6E53E17F1C85945E00AC8FCA /* Deque.swift in Sources */ = {isa = PBXBuildFile; fileRef = 6E53E17E1C85945E00AC8FCA /* Deque.swift */; };
		6E795E9B1C49821B002377FE /* LinkMode.swift in Sources */ = {isa = PBXBuildFile; fileRef = 6E795E9A1C49821B002377FE /* LinkMode.swift */; };
		6E881D821C389F4B00E509A9 /* iBeacon.swift in Sources */ = {isa = PBXBuildFile; fileRef = 6E881D811C389F4B00E509A9 /* iBeacon.swift */; };
		6E881DA21C39812F00E509A9 /* DeviceRequest.swift in Sources */ = {isa = PBXBuildFile; fileRef = 6E881D831C39783F00E509A9 /* DeviceRequest.swift */; };
		6E894BF41C83B51B00109F45 /* AddressType.swift in Sources */ = {isa = PBXBuildFile; fileRef = 6E894BF31C83B51B00109F45 /* AddressType.swift */; };
		6E894C001C83EA2000109F45 /* main.swift in Sources */ = {isa = PBXBuildFile; fileRef = 6E0C5BBD1C8379D100AF63E5 /* main.swift */; };
		6E894C021C83F1C500109F45 /* L2CAP.swift in Sources */ = {isa = PBXBuildFile; fileRef = 6E894C011C83F1C500109F45 /* L2CAP.swift */; };
		6E927EC91C977D7D009AB500 /* IOVector.swift in Sources */ = {isa = PBXBuildFile; fileRef = 6E927EC81C977D7D009AB500 /* IOVector.swift */; };
		6E92A4281C15309B007BC4E9 /* BluetoothLinux.h in Headers */ = {isa = PBXBuildFile; fileRef = 6E92A4271C15309B007BC4E9 /* BluetoothLinux.h */; settings = {ATTRIBUTES = (Public, ); }; };
		6E92A4371C1530EF007BC4E9 /* Adapter.swift in Sources */ = {isa = PBXBuildFile; fileRef = 6E92A4321C1530EF007BC4E9 /* Adapter.swift */; };
		6E92A43B1C1530EF007BC4E9 /* Scan.swift in Sources */ = {isa = PBXBuildFile; fileRef = 6E92A4361C1530EF007BC4E9 /* Scan.swift */; };
		6EA37EF41C84B4EA00A61969 /* L2CAPServerTest.swift in Sources */ = {isa = PBXBuildFile; fileRef = 6EA37EF21C84B4EA00A61969 /* L2CAPServerTest.swift */; };
		6EF355211C965EB400730BAB /* GATTServerTest.swift in Sources */ = {isa = PBXBuildFile; fileRef = 6EF355201C965EB400730BAB /* GATTServerTest.swift */; };
		6EF928FB1C8830D200D9A103 /* BluetoothLinux.framework in Frameworks */ = {isa = PBXBuildFile; fileRef = 6E92A4241C15309B007BC4E9 /* BluetoothLinux.framework */; };
		6EF929031C88316D00D9A103 /* MathTests.swift in Sources */ = {isa = PBXBuildFile; fileRef = 6EF929021C88316D00D9A103 /* MathTests.swift */; };
		6EF929071C8832FF00D9A103 /* DarwinTests.m in Sources */ = {isa = PBXBuildFile; fileRef = 6EF929061C8832FF00D9A103 /* DarwinTests.m */; };
		6EF929101C88379400D9A103 /* SwiftFoundation.framework in Copy Frameworks */ = {isa = PBXBuildFile; fileRef = 6EF9290E1C88378B00D9A103 /* SwiftFoundation.framework */; settings = {ATTRIBUTES = (CodeSignOnCopy, RemoveHeadersOnCopy, ); }; };
/* End PBXBuildFile section */

/* Begin PBXContainerItemProxy section */
		6EF928FC1C8830D200D9A103 /* PBXContainerItemProxy */ = {
			isa = PBXContainerItemProxy;
			containerPortal = 6E92A41B1C15309B007BC4E9 /* Project object */;
			proxyType = 1;
			remoteGlobalIDString = 6E92A4231C15309B007BC4E9;
			remoteInfo = BluetoothLinux;
		};
/* End PBXContainerItemProxy section */

/* Begin PBXCopyFilesBuildPhase section */
		6EF9290B1C88376400D9A103 /* Copy Frameworks */ = {
			isa = PBXCopyFilesBuildPhase;
			buildActionMask = 2147483647;
			dstPath = "";
			dstSubfolderSpec = 10;
			files = (
				6EF929101C88379400D9A103 /* SwiftFoundation.framework in Copy Frameworks */,
			);
			name = "Copy Frameworks";
			runOnlyForDeploymentPostprocessing = 0;
		};
/* End PBXCopyFilesBuildPhase section */

/* Begin PBXFileReference section */
		6E0C5BB81C8373DB00AF63E5 /* Darwin.swift */ = {isa = PBXFileReference; fileEncoding = 4; lastKnownFileType = sourcecode.swift; path = Darwin.swift; sourceTree = "<group>"; };
		6E0C5BBD1C8379D100AF63E5 /* main.swift */ = {isa = PBXFileReference; lastKnownFileType = sourcecode.swift; path = main.swift; sourceTree = "<group>"; };
		6E0C5BBE1C8379D100AF63E5 /* ScanTest.swift */ = {isa = PBXFileReference; lastKnownFileType = sourcecode.swift; path = ScanTest.swift; sourceTree = "<group>"; };
		6E0C5BC01C837A9F00AF63E5 /* iBeaconTest.swift */ = {isa = PBXFileReference; lastKnownFileType = sourcecode.swift; path = iBeaconTest.swift; sourceTree = "<group>"; };
		6E0C5BC11C837A9F00AF63E5 /* main.swift */ = {isa = PBXFileReference; lastKnownFileType = sourcecode.swift; path = main.swift; sourceTree = "<group>"; };
		6E0C5BD71C83A45100AF63E5 /* SecurityType.swift */ = {isa = PBXFileReference; fileEncoding = 4; lastKnownFileType = sourcecode.swift; path = SecurityType.swift; sourceTree = "<group>"; };
		6E196CC21C8659DA009FA9CF /* HCI.swift */ = {isa = PBXFileReference; fileEncoding = 4; lastKnownFileType = sourcecode.swift; path = HCI.swift; sourceTree = "<group>"; };
		6E196CC41C869A2E009FA9CF /* IOCTL.swift */ = {isa = PBXFileReference; fileEncoding = 4; lastKnownFileType = sourcecode.swift; path = IOCTL.swift; sourceTree = "<group>"; };
		6E196CC61C86A5EC009FA9CF /* BluetoothProtocol.swift */ = {isa = PBXFileReference; fileEncoding = 4; lastKnownFileType = sourcecode.swift; path = BluetoothProtocol.swift; sourceTree = "<group>"; };
		6E196CCA1C87B47E009FA9CF /* DeviceCommand.swift */ = {isa = PBXFileReference; fileEncoding = 4; lastKnownFileType = sourcecode.swift; path = DeviceCommand.swift; sourceTree = "<group>"; };
		6E53E1721C84FD8200AC8FCA /* GATTServer.swift */ = {isa = PBXFileReference; fileEncoding = 4; lastKnownFileType = sourcecode.swift; path = GATTServer.swift; sourceTree = "<group>"; };
		6E53E1741C84FD8C00AC8FCA /* GATTClient.swift */ = {isa = PBXFileReference; fileEncoding = 4; lastKnownFileType = sourcecode.swift; path = GATTClient.swift; sourceTree = "<group>"; };
		6E53E1761C8503AC00AC8FCA /* GATTDatabase.swift */ = {isa = PBXFileReference; fileEncoding = 4; lastKnownFileType = sourcecode.swift; path = GATTDatabase.swift; sourceTree = "<group>"; };
		6E53E1781C8503CA00AC8FCA /* ATTConnection.swift */ = {isa = PBXFileReference; fileEncoding = 4; lastKnownFileType = sourcecode.swift; path = ATTConnection.swift; sourceTree = "<group>"; };
		6E53E17E1C85945E00AC8FCA /* Deque.swift */ = {isa = PBXFileReference; fileEncoding = 4; lastKnownFileType = sourcecode.swift; path = Deque.swift; sourceTree = "<group>"; };
		6E739C8D1C88EE4C00D4775B /* ioctl.h */ = {isa = PBXFileReference; fileEncoding = 4; lastKnownFileType = sourcecode.c.h; path = ioctl.h; sourceTree = "<group>"; };
		6E795E9A1C49821B002377FE /* LinkMode.swift */ = {isa = PBXFileReference; fileEncoding = 4; lastKnownFileType = sourcecode.swift; path = LinkMode.swift; sourceTree = "<group>"; };
		6E881D811C389F4B00E509A9 /* iBeacon.swift */ = {isa = PBXFileReference; fileEncoding = 4; lastKnownFileType = sourcecode.swift; path = iBeacon.swift; sourceTree = "<group>"; };
		6E881D831C39783F00E509A9 /* DeviceRequest.swift */ = {isa = PBXFileReference; fileEncoding = 4; lastKnownFileType = sourcecode.swift; path = DeviceRequest.swift; sourceTree = "<group>"; };
		6E894BF31C83B51B00109F45 /* AddressType.swift */ = {isa = PBXFileReference; fileEncoding = 4; lastKnownFileType = sourcecode.swift; path = AddressType.swift; sourceTree = "<group>"; };
		6E894C011C83F1C500109F45 /* L2CAP.swift */ = {isa = PBXFileReference; fileEncoding = 4; lastKnownFileType = sourcecode.swift; path = L2CAP.swift; sourceTree = "<group>"; };
		6E927EC81C977D7D009AB500 /* IOVector.swift */ = {isa = PBXFileReference; fileEncoding = 4; lastKnownFileType = sourcecode.swift; path = IOVector.swift; sourceTree = "<group>"; };
		6E92A4241C15309B007BC4E9 /* BluetoothLinux.framework */ = {isa = PBXFileReference; explicitFileType = wrapper.framework; includeInIndex = 0; path = BluetoothLinux.framework; sourceTree = BUILT_PRODUCTS_DIR; };
		6E92A4271C15309B007BC4E9 /* BluetoothLinux.h */ = {isa = PBXFileReference; lastKnownFileType = sourcecode.c.h; path = BluetoothLinux.h; sourceTree = "<group>"; };
		6E92A4291C15309B007BC4E9 /* Info.plist */ = {isa = PBXFileReference; lastKnownFileType = text.plist.xml; path = Info.plist; sourceTree = "<group>"; };
		6E92A42F1C1530DC007BC4E9 /* Package.swift */ = {isa = PBXFileReference; lastKnownFileType = sourcecode.swift; name = Package.swift; path = ../Package.swift; sourceTree = "<group>"; };
		6E92A4321C1530EF007BC4E9 /* Adapter.swift */ = {isa = PBXFileReference; fileEncoding = 4; lastKnownFileType = sourcecode.swift; path = Adapter.swift; sourceTree = "<group>"; };
		6E92A4361C1530EF007BC4E9 /* Scan.swift */ = {isa = PBXFileReference; fileEncoding = 4; lastKnownFileType = sourcecode.swift; path = Scan.swift; sourceTree = "<group>"; };
		6EA37EF11C84B4EA00A61969 /* main.swift */ = {isa = PBXFileReference; fileEncoding = 4; lastKnownFileType = sourcecode.swift; path = main.swift; sourceTree = "<group>"; };
		6EA37EF21C84B4EA00A61969 /* L2CAPServerTest.swift */ = {isa = PBXFileReference; fileEncoding = 4; lastKnownFileType = sourcecode.swift; path = L2CAPServerTest.swift; sourceTree = "<group>"; };
		6EE84E071CAF8E7B00A40C4D /* Cartfile */ = {isa = PBXFileReference; lastKnownFileType = text; name = Cartfile; path = ../Cartfile; sourceTree = "<group>"; };
		6EF3551E1C965E8F00730BAB /* main.swift */ = {isa = PBXFileReference; fileEncoding = 4; lastKnownFileType = sourcecode.swift; path = main.swift; sourceTree = "<group>"; };
		6EF355201C965EB400730BAB /* GATTServerTest.swift */ = {isa = PBXFileReference; fileEncoding = 4; lastKnownFileType = sourcecode.swift; path = GATTServerTest.swift; sourceTree = "<group>"; };
		6EF928F61C8830D100D9A103 /* BluetoothLinuxTests.xctest */ = {isa = PBXFileReference; explicitFileType = wrapper.cfbundle; includeInIndex = 0; path = BluetoothLinuxTests.xctest; sourceTree = BUILT_PRODUCTS_DIR; };
		6EF928FA1C8830D200D9A103 /* Info.plist */ = {isa = PBXFileReference; lastKnownFileType = text.plist.xml; path = Info.plist; sourceTree = "<group>"; };
		6EF929021C88316D00D9A103 /* MathTests.swift */ = {isa = PBXFileReference; fileEncoding = 4; lastKnownFileType = sourcecode.swift; path = MathTests.swift; sourceTree = "<group>"; };
		6EF929041C8831C700D9A103 /* MathTestsHelper.h */ = {isa = PBXFileReference; fileEncoding = 4; lastKnownFileType = sourcecode.c.h; path = MathTestsHelper.h; sourceTree = "<group>"; };
		6EF929051C8832FF00D9A103 /* BluetoothLinuxTests-Bridging-Header.h */ = {isa = PBXFileReference; lastKnownFileType = sourcecode.c.h; path = "BluetoothLinuxTests-Bridging-Header.h"; sourceTree = "<group>"; };
		6EF929061C8832FF00D9A103 /* DarwinTests.m */ = {isa = PBXFileReference; fileEncoding = 4; lastKnownFileType = sourcecode.c.objc; path = DarwinTests.m; sourceTree = "<group>"; };
		6EF9290A1C88350600D9A103 /* IOCTLTestsHelper.h */ = {isa = PBXFileReference; fileEncoding = 4; lastKnownFileType = sourcecode.c.h; path = IOCTLTestsHelper.h; sourceTree = "<group>"; };
		6EF9290E1C88378B00D9A103 /* SwiftFoundation.framework */ = {isa = PBXFileReference; lastKnownFileType = wrapper.framework; path = SwiftFoundation.framework; sourceTree = "<group>"; };
/* End PBXFileReference section */

/* Begin PBXFrameworksBuildPhase section */
		6E92A4201C15309B007BC4E9 /* Frameworks */ = {
			isa = PBXFrameworksBuildPhase;
			buildActionMask = 2147483647;
			files = (
			);
			runOnlyForDeploymentPostprocessing = 0;
		};
		6EF928F31C8830D100D9A103 /* Frameworks */ = {
			isa = PBXFrameworksBuildPhase;
			buildActionMask = 2147483647;
			files = (
				6EF928FB1C8830D200D9A103 /* BluetoothLinux.framework in Frameworks */,
			);
			runOnlyForDeploymentPostprocessing = 0;
		};
/* End PBXFrameworksBuildPhase section */

/* Begin PBXGroup section */
		6E0C5BBA1C83794700AF63E5 /* Tests Tools */ = {
			isa = PBXGroup;
			children = (
				6EF3551D1C965E8F00730BAB /* GATTServerTest */,
				6EA37EF01C84B4EA00A61969 /* L2CAPServerTest */,
				6E0C5BBF1C837A9F00AF63E5 /* iBeaconTest */,
				6E0C5BBC1C8379D100AF63E5 /* ScanTest */,
			);
			name = "Tests Tools";
			sourceTree = "<group>";
		};
		6E0C5BBC1C8379D100AF63E5 /* ScanTest */ = {
			isa = PBXGroup;
			children = (
				6E0C5BBD1C8379D100AF63E5 /* main.swift */,
				6E0C5BBE1C8379D100AF63E5 /* ScanTest.swift */,
			);
			name = ScanTest;
			path = ../Sources/ScanTest;
			sourceTree = "<group>";
		};
		6E0C5BBF1C837A9F00AF63E5 /* iBeaconTest */ = {
			isa = PBXGroup;
			children = (
				6E0C5BC11C837A9F00AF63E5 /* main.swift */,
				6E0C5BC01C837A9F00AF63E5 /* iBeaconTest.swift */,
			);
			name = iBeaconTest;
			path = ../Sources/iBeaconTest;
			sourceTree = "<group>";
		};
		6E92A41A1C15309B007BC4E9 = {
			isa = PBXGroup;
			children = (
				6EE84E071CAF8E7B00A40C4D /* Cartfile */,
				6E92A42F1C1530DC007BC4E9 /* Package.swift */,
				6EF9290C1C88377100D9A103 /* Dependencies */,
				6EF929011C88312A00D9A103 /* Unit Tests */,
				6E0C5BBA1C83794700AF63E5 /* Tests Tools */,
				6E92A4311C1530EF007BC4E9 /* Source */,
				6E92A4261C15309B007BC4E9 /* BluetoothLinux */,
				6EF928F71C8830D200D9A103 /* BluetoothLinuxTests */,
				6E92A4251C15309B007BC4E9 /* Products */,
			);
			sourceTree = "<group>";
		};
		6E92A4251C15309B007BC4E9 /* Products */ = {
			isa = PBXGroup;
			children = (
				6E92A4241C15309B007BC4E9 /* BluetoothLinux.framework */,
				6EF928F61C8830D100D9A103 /* BluetoothLinuxTests.xctest */,
			);
			name = Products;
			sourceTree = "<group>";
		};
		6E92A4261C15309B007BC4E9 /* BluetoothLinux */ = {
			isa = PBXGroup;
			children = (
				6E92A4271C15309B007BC4E9 /* BluetoothLinux.h */,
				6E92A4291C15309B007BC4E9 /* Info.plist */,
			);
			path = BluetoothLinux;
			sourceTree = "<group>";
		};
		6E92A4311C1530EF007BC4E9 /* Source */ = {
			isa = PBXGroup;
			children = (
				6E0C5BB81C8373DB00AF63E5 /* Darwin.swift */,
				6E92A4321C1530EF007BC4E9 /* Adapter.swift */,
				6E894BF31C83B51B00109F45 /* AddressType.swift */,
				6E0C5BD71C83A45100AF63E5 /* SecurityType.swift */,
				6E196CCA1C87B47E009FA9CF /* DeviceCommand.swift */,
				6E881D831C39783F00E509A9 /* DeviceRequest.swift */,
				6E795E9A1C49821B002377FE /* LinkMode.swift */,
				6E196CC61C86A5EC009FA9CF /* BluetoothProtocol.swift */,
				6E92A4361C1530EF007BC4E9 /* Scan.swift */,
				6E881D811C389F4B00E509A9 /* iBeacon.swift */,
				6E927EC81C977D7D009AB500 /* IOVector.swift */,
				6E894C011C83F1C500109F45 /* L2CAP.swift */,
				6E53E1781C8503CA00AC8FCA /* ATTConnection.swift */,
				6E53E1721C84FD8200AC8FCA /* GATTServer.swift */,
				6E53E1741C84FD8C00AC8FCA /* GATTClient.swift */,
				6E53E1761C8503AC00AC8FCA /* GATTDatabase.swift */,
				6E53E17E1C85945E00AC8FCA /* Deque.swift */,
				6E196CC41C869A2E009FA9CF /* IOCTL.swift */,
				6E196CC21C8659DA009FA9CF /* HCI.swift */,
			);
			name = Source;
			path = ../Sources/BluetoothLinux;
			sourceTree = "<group>";
		};
		6EA37EF01C84B4EA00A61969 /* L2CAPServerTest */ = {
			isa = PBXGroup;
			children = (
				6EA37EF11C84B4EA00A61969 /* main.swift */,
				6EA37EF21C84B4EA00A61969 /* L2CAPServerTest.swift */,
			);
			name = L2CAPServerTest;
			path = ../Sources/L2CAPServerTest;
			sourceTree = "<group>";
		};
		6EF3551D1C965E8F00730BAB /* GATTServerTest */ = {
			isa = PBXGroup;
			children = (
				6EF3551E1C965E8F00730BAB /* main.swift */,
				6EF355201C965EB400730BAB /* GATTServerTest.swift */,
			);
			name = GATTServerTest;
			path = ../Sources/GATTServerTest;
			sourceTree = "<group>";
		};
		6EF928F71C8830D200D9A103 /* BluetoothLinuxTests */ = {
			isa = PBXGroup;
			children = (
				6EF928FA1C8830D200D9A103 /* Info.plist */,
				6EF929051C8832FF00D9A103 /* BluetoothLinuxTests-Bridging-Header.h */,
				6EF929041C8831C700D9A103 /* MathTestsHelper.h */,
				6EF9290A1C88350600D9A103 /* IOCTLTestsHelper.h */,
				6E739C8D1C88EE4C00D4775B /* ioctl.h */,
				6EF929061C8832FF00D9A103 /* DarwinTests.m */,
			);
			path = BluetoothLinuxTests;
			sourceTree = "<group>";
		};
		6EF929011C88312A00D9A103 /* Unit Tests */ = {
			isa = PBXGroup;
			children = (
				6EF929021C88316D00D9A103 /* MathTests.swift */,
			);
			name = "Unit Tests";
			path = ../Sources/UnitTests;
			sourceTree = "<group>";
		};
		6EF9290C1C88377100D9A103 /* Dependencies */ = {
			isa = PBXGroup;
			children = (
				6EF9290D1C88378B00D9A103 /* Mac */,
			);
			name = Dependencies;
			sourceTree = "<group>";
		};
		6EF9290D1C88378B00D9A103 /* Mac */ = {
			isa = PBXGroup;
			children = (
				6EF9290E1C88378B00D9A103 /* SwiftFoundation.framework */,
			);
			name = Mac;
			path = ../Carthage/Build/Mac;
			sourceTree = "<group>";
		};
/* End PBXGroup section */

/* Begin PBXHeadersBuildPhase section */
		6E92A4211C15309B007BC4E9 /* Headers */ = {
			isa = PBXHeadersBuildPhase;
			buildActionMask = 2147483647;
			files = (
				6E92A4281C15309B007BC4E9 /* BluetoothLinux.h in Headers */,
			);
			runOnlyForDeploymentPostprocessing = 0;
		};
/* End PBXHeadersBuildPhase section */

/* Begin PBXNativeTarget section */
		6E92A4231C15309B007BC4E9 /* BluetoothLinux */ = {
			isa = PBXNativeTarget;
			buildConfigurationList = 6E92A42C1C15309B007BC4E9 /* Build configuration list for PBXNativeTarget "BluetoothLinux" */;
			buildPhases = (
				6E92A41F1C15309B007BC4E9 /* Sources */,
				6E92A4201C15309B007BC4E9 /* Frameworks */,
				6E92A4211C15309B007BC4E9 /* Headers */,
				6E92A4221C15309B007BC4E9 /* Resources */,
			);
			buildRules = (
			);
			dependencies = (
			);
			name = BluetoothLinux;
			productName = BlueZ;
			productReference = 6E92A4241C15309B007BC4E9 /* BluetoothLinux.framework */;
			productType = "com.apple.product-type.framework";
		};
		6EF928F51C8830D100D9A103 /* BluetoothLinuxTests */ = {
			isa = PBXNativeTarget;
			buildConfigurationList = 6EF929001C8830D200D9A103 /* Build configuration list for PBXNativeTarget "BluetoothLinuxTests" */;
			buildPhases = (
				6EF928F21C8830D100D9A103 /* Sources */,
				6EF928F31C8830D100D9A103 /* Frameworks */,
				6EF928F41C8830D100D9A103 /* Resources */,
				6EF9290B1C88376400D9A103 /* Copy Frameworks */,
			);
			buildRules = (
			);
			dependencies = (
				6EF928FD1C8830D200D9A103 /* PBXTargetDependency */,
			);
			name = BluetoothLinuxTests;
			productName = BluetoothLinuxTests;
			productReference = 6EF928F61C8830D100D9A103 /* BluetoothLinuxTests.xctest */;
			productType = "com.apple.product-type.bundle.unit-test";
		};
/* End PBXNativeTarget section */

/* Begin PBXProject section */
		6E92A41B1C15309B007BC4E9 /* Project object */ = {
			isa = PBXProject;
			attributes = {
				LastSwiftUpdateCheck = 0720;
				LastUpgradeCheck = 0710;
				ORGANIZATIONNAME = PureSwift;
				TargetAttributes = {
					6E92A4231C15309B007BC4E9 = {
						CreatedOnToolsVersion = 7.1.1;
					};
					6EF928F51C8830D100D9A103 = {
						CreatedOnToolsVersion = 7.2.1;
					};
				};
			};
			buildConfigurationList = 6E92A41E1C15309B007BC4E9 /* Build configuration list for PBXProject "BluetoothLinux" */;
			compatibilityVersion = "Xcode 3.2";
			developmentRegion = English;
			hasScannedForEncodings = 0;
			knownRegions = (
				en,
			);
			mainGroup = 6E92A41A1C15309B007BC4E9;
			productRefGroup = 6E92A4251C15309B007BC4E9 /* Products */;
			projectDirPath = "";
			projectRoot = "";
			targets = (
				6E92A4231C15309B007BC4E9 /* BluetoothLinux */,
				6EF928F51C8830D100D9A103 /* BluetoothLinuxTests */,
			);
		};
/* End PBXProject section */

/* Begin PBXResourcesBuildPhase section */
		6E92A4221C15309B007BC4E9 /* Resources */ = {
			isa = PBXResourcesBuildPhase;
			buildActionMask = 2147483647;
			files = (
			);
			runOnlyForDeploymentPostprocessing = 0;
		};
		6EF928F41C8830D100D9A103 /* Resources */ = {
			isa = PBXResourcesBuildPhase;
			buildActionMask = 2147483647;
			files = (
			);
			runOnlyForDeploymentPostprocessing = 0;
		};
/* End PBXResourcesBuildPhase section */

/* Begin PBXSourcesBuildPhase section */
		6E92A41F1C15309B007BC4E9 /* Sources */ = {
			isa = PBXSourcesBuildPhase;
			buildActionMask = 2147483647;
			files = (
				6E0C5BB91C8373DB00AF63E5 /* Darwin.swift in Sources */,
				6E92A4371C1530EF007BC4E9 /* Adapter.swift in Sources */,
				6E894C021C83F1C500109F45 /* L2CAP.swift in Sources */,
				6E53E1771C8503AC00AC8FCA /* GATTDatabase.swift in Sources */,
				6E53E1731C84FD8200AC8FCA /* GATTServer.swift in Sources */,
				6E0C5BC31C837AAA00AF63E5 /* iBeaconTest.swift in Sources */,
				6E53E1751C84FD8C00AC8FCA /* GATTClient.swift in Sources */,
				6E0C5BD81C83A45100AF63E5 /* SecurityType.swift in Sources */,
				6E92A43B1C1530EF007BC4E9 /* Scan.swift in Sources */,
				6E881D821C389F4B00E509A9 /* iBeacon.swift in Sources */,
				6EF355211C965EB400730BAB /* GATTServerTest.swift in Sources */,
				6E196CCB1C87B47E009FA9CF /* DeviceCommand.swift in Sources */,
				6E927EC91C977D7D009AB500 /* IOVector.swift in Sources */,
				6E196CC51C869A2E009FA9CF /* IOCTL.swift in Sources */,
				6E881DA21C39812F00E509A9 /* DeviceRequest.swift in Sources */,
				6E795E9B1C49821B002377FE /* LinkMode.swift in Sources */,
				6E53E17F1C85945E00AC8FCA /* Deque.swift in Sources */,
				6E0C5BC21C837AA700AF63E5 /* ScanTest.swift in Sources */,
				6E894C001C83EA2000109F45 /* main.swift in Sources */,
				6E196CC31C8659DA009FA9CF /* HCI.swift in Sources */,
				6E196CC71C86A5EC009FA9CF /* BluetoothProtocol.swift in Sources */,
				6E894BF41C83B51B00109F45 /* AddressType.swift in Sources */,
				6E53E1791C8503CA00AC8FCA /* ATTConnection.swift in Sources */,
				6EA37EF41C84B4EA00A61969 /* L2CAPServerTest.swift in Sources */,
			);
			runOnlyForDeploymentPostprocessing = 0;
		};
		6EF928F21C8830D100D9A103 /* Sources */ = {
			isa = PBXSourcesBuildPhase;
			buildActionMask = 2147483647;
			files = (
				6EF929071C8832FF00D9A103 /* DarwinTests.m in Sources */,
				6EF929031C88316D00D9A103 /* MathTests.swift in Sources */,
			);
			runOnlyForDeploymentPostprocessing = 0;
		};
/* End PBXSourcesBuildPhase section */

/* Begin PBXTargetDependency section */
		6EF928FD1C8830D200D9A103 /* PBXTargetDependency */ = {
			isa = PBXTargetDependency;
			target = 6E92A4231C15309B007BC4E9 /* BluetoothLinux */;
			targetProxy = 6EF928FC1C8830D200D9A103 /* PBXContainerItemProxy */;
		};
/* End PBXTargetDependency section */

/* Begin XCBuildConfiguration section */
		6E92A42A1C15309B007BC4E9 /* Debug */ = {
			isa = XCBuildConfiguration;
			buildSettings = {
				ALWAYS_SEARCH_USER_PATHS = NO;
				CLANG_CXX_LANGUAGE_STANDARD = "gnu++0x";
				CLANG_CXX_LIBRARY = "libc++";
				CLANG_ENABLE_MODULES = YES;
				CLANG_ENABLE_OBJC_ARC = YES;
				CLANG_WARN_BOOL_CONVERSION = YES;
				CLANG_WARN_CONSTANT_CONVERSION = YES;
				CLANG_WARN_DIRECT_OBJC_ISA_USAGE = YES_ERROR;
				CLANG_WARN_EMPTY_BODY = YES;
				CLANG_WARN_ENUM_CONVERSION = YES;
				CLANG_WARN_INT_CONVERSION = YES;
				CLANG_WARN_OBJC_ROOT_CLASS = YES_ERROR;
				CLANG_WARN_UNREACHABLE_CODE = YES;
				CLANG_WARN__DUPLICATE_METHOD_MATCH = YES;
				CODE_SIGN_IDENTITY = "-";
				COPY_PHASE_STRIP = NO;
				CURRENT_PROJECT_VERSION = 1;
				DEBUG_INFORMATION_FORMAT = dwarf;
				ENABLE_STRICT_OBJC_MSGSEND = YES;
				ENABLE_TESTABILITY = YES;
				GCC_C_LANGUAGE_STANDARD = gnu99;
				GCC_DYNAMIC_NO_PIC = NO;
				GCC_NO_COMMON_BLOCKS = YES;
				GCC_OPTIMIZATION_LEVEL = 0;
				GCC_PREPROCESSOR_DEFINITIONS = (
					"DEBUG=1",
					"$(inherited)",
				);
				GCC_WARN_64_TO_32_BIT_CONVERSION = YES;
				GCC_WARN_ABOUT_RETURN_TYPE = YES_ERROR;
				GCC_WARN_UNDECLARED_SELECTOR = YES;
				GCC_WARN_UNINITIALIZED_AUTOS = YES_AGGRESSIVE;
				GCC_WARN_UNUSED_FUNCTION = YES;
				GCC_WARN_UNUSED_VARIABLE = YES;
				MACOSX_DEPLOYMENT_TARGET = 10.11;
				MTL_ENABLE_DEBUG_INFO = YES;
				ONLY_ACTIVE_ARCH = YES;
				SDKROOT = macosx;
				SWIFT_OPTIMIZATION_LEVEL = "-Onone";
				VERSIONING_SYSTEM = "apple-generic";
				VERSION_INFO_PREFIX = "";
			};
			name = Debug;
		};
		6E92A42B1C15309B007BC4E9 /* Release */ = {
			isa = XCBuildConfiguration;
			buildSettings = {
				ALWAYS_SEARCH_USER_PATHS = NO;
				CLANG_CXX_LANGUAGE_STANDARD = "gnu++0x";
				CLANG_CXX_LIBRARY = "libc++";
				CLANG_ENABLE_MODULES = YES;
				CLANG_ENABLE_OBJC_ARC = YES;
				CLANG_WARN_BOOL_CONVERSION = YES;
				CLANG_WARN_CONSTANT_CONVERSION = YES;
				CLANG_WARN_DIRECT_OBJC_ISA_USAGE = YES_ERROR;
				CLANG_WARN_EMPTY_BODY = YES;
				CLANG_WARN_ENUM_CONVERSION = YES;
				CLANG_WARN_INT_CONVERSION = YES;
				CLANG_WARN_OBJC_ROOT_CLASS = YES_ERROR;
				CLANG_WARN_UNREACHABLE_CODE = YES;
				CLANG_WARN__DUPLICATE_METHOD_MATCH = YES;
				CODE_SIGN_IDENTITY = "-";
				COPY_PHASE_STRIP = NO;
				CURRENT_PROJECT_VERSION = 1;
				DEBUG_INFORMATION_FORMAT = "dwarf-with-dsym";
				ENABLE_NS_ASSERTIONS = NO;
				ENABLE_STRICT_OBJC_MSGSEND = YES;
				GCC_C_LANGUAGE_STANDARD = gnu99;
				GCC_NO_COMMON_BLOCKS = YES;
				GCC_WARN_64_TO_32_BIT_CONVERSION = YES;
				GCC_WARN_ABOUT_RETURN_TYPE = YES_ERROR;
				GCC_WARN_UNDECLARED_SELECTOR = YES;
				GCC_WARN_UNINITIALIZED_AUTOS = YES_AGGRESSIVE;
				GCC_WARN_UNUSED_FUNCTION = YES;
				GCC_WARN_UNUSED_VARIABLE = YES;
				MACOSX_DEPLOYMENT_TARGET = 10.11;
				MTL_ENABLE_DEBUG_INFO = NO;
				SDKROOT = macosx;
				VERSIONING_SYSTEM = "apple-generic";
				VERSION_INFO_PREFIX = "";
			};
			name = Release;
		};
		6E92A42D1C15309B007BC4E9 /* Debug */ = {
			isa = XCBuildConfiguration;
			buildSettings = {
				COMBINE_HIDPI_IMAGES = YES;
				DEFINES_MODULE = YES;
				DYLIB_COMPATIBILITY_VERSION = 1;
				DYLIB_CURRENT_VERSION = 1;
				DYLIB_INSTALL_NAME_BASE = "@rpath";
				FRAMEWORK_SEARCH_PATHS = $SRCROOT/../Carthage/Build/Mac;
				FRAMEWORK_VERSION = A;
				INFOPLIST_FILE = BluetoothLinux/Info.plist;
				INSTALL_PATH = "$(LOCAL_LIBRARY_DIR)/Frameworks";
				LD_RUNPATH_SEARCH_PATHS = "$(inherited) @executable_path/../Frameworks @loader_path/Frameworks";
				PRODUCT_BUNDLE_IDENTIFIER = org.pureswift.BluetoothLinux;
				PRODUCT_NAME = BluetoothLinux;
				SDKROOT = macosx;
				SKIP_INSTALL = YES;
			};
			name = Debug;
		};
		6E92A42E1C15309B007BC4E9 /* Release */ = {
			isa = XCBuildConfiguration;
			buildSettings = {
				COMBINE_HIDPI_IMAGES = YES;
				DEFINES_MODULE = YES;
				DYLIB_COMPATIBILITY_VERSION = 1;
				DYLIB_CURRENT_VERSION = 1;
				DYLIB_INSTALL_NAME_BASE = "@rpath";
				FRAMEWORK_SEARCH_PATHS = $SRCROOT/../Carthage/Build/Mac;
				FRAMEWORK_VERSION = A;
				INFOPLIST_FILE = BluetoothLinux/Info.plist;
				INSTALL_PATH = "$(LOCAL_LIBRARY_DIR)/Frameworks";
				LD_RUNPATH_SEARCH_PATHS = "$(inherited) @executable_path/../Frameworks @loader_path/Frameworks";
				PRODUCT_BUNDLE_IDENTIFIER = org.pureswift.BluetoothLinux;
				PRODUCT_NAME = BluetoothLinux;
				SDKROOT = macosx;
				SKIP_INSTALL = YES;
			};
			name = Release;
		};
		6EF928FE1C8830D200D9A103 /* Debug */ = {
			isa = XCBuildConfiguration;
			buildSettings = {
				CLANG_ENABLE_MODULES = YES;
				COMBINE_HIDPI_IMAGES = YES;
				FRAMEWORK_SEARCH_PATHS = $SRCROOT/../Carthage/Build/Mac;
				INFOPLIST_FILE = BluetoothLinuxTests/Info.plist;
				LD_RUNPATH_SEARCH_PATHS = "$(inherited) @executable_path/../Frameworks @loader_path/../Frameworks";
				PRODUCT_BUNDLE_IDENTIFIER = org.pureswift.BluetoothLinuxTests;
				PRODUCT_NAME = "$(TARGET_NAME)";
				SWIFT_OBJC_BRIDGING_HEADER = "BluetoothLinuxTests/BluetoothLinuxTests-Bridging-Header.h";
				SWIFT_OPTIMIZATION_LEVEL = "-Onone";
			};
			name = Debug;
		};
		6EF928FF1C8830D200D9A103 /* Release */ = {
			isa = XCBuildConfiguration;
			buildSettings = {
				CLANG_ENABLE_MODULES = YES;
				COMBINE_HIDPI_IMAGES = YES;
				FRAMEWORK_SEARCH_PATHS = $SRCROOT/../Carthage/Build/Mac;
				INFOPLIST_FILE = BluetoothLinuxTests/Info.plist;
				LD_RUNPATH_SEARCH_PATHS = "$(inherited) @executable_path/../Frameworks @loader_path/../Frameworks";
				PRODUCT_BUNDLE_IDENTIFIER = org.pureswift.BluetoothLinuxTests;
				PRODUCT_NAME = "$(TARGET_NAME)";
				SWIFT_OBJC_BRIDGING_HEADER = "BluetoothLinuxTests/BluetoothLinuxTests-Bridging-Header.h";
			};
			name = Release;
		};
/* End XCBuildConfiguration section */

/* Begin XCConfigurationList section */
		6E92A41E1C15309B007BC4E9 /* Build configuration list for PBXProject "BluetoothLinux" */ = {
			isa = XCConfigurationList;
			buildConfigurations = (
				6E92A42A1C15309B007BC4E9 /* Debug */,
				6E92A42B1C15309B007BC4E9 /* Release */,
			);
			defaultConfigurationIsVisible = 0;
			defaultConfigurationName = Release;
		};
		6E92A42C1C15309B007BC4E9 /* Build configuration list for PBXNativeTarget "BluetoothLinux" */ = {
			isa = XCConfigurationList;
			buildConfigurations = (
				6E92A42D1C15309B007BC4E9 /* Debug */,
				6E92A42E1C15309B007BC4E9 /* Release */,
			);
			defaultConfigurationIsVisible = 0;
			defaultConfigurationName = Release;
		};
		6EF929001C8830D200D9A103 /* Build configuration list for PBXNativeTarget "BluetoothLinuxTests" */ = {
			isa = XCConfigurationList;
			buildConfigurations = (
				6EF928FE1C8830D200D9A103 /* Debug */,
				6EF928FF1C8830D200D9A103 /* Release */,
			);
			defaultConfigurationIsVisible = 0;
			defaultConfigurationName = Release;
		};
/* End XCConfigurationList section */
	};
	rootObject = 6E92A41B1C15309B007BC4E9 /* Project object */;
}
