{
  "object": {
    "pins": [
      {
        "package": "Bluetooth",
        "repositoryURL": "https://github.com/PureSwift/Bluetooth.git",
        "state": {
          "branch": null,
          "revision": "4ab665eb6600b314de38027af609b4e87356e0e8",
          "version": "1.6.1"
        }
      }
    ]
  },
  "version": 1
}
