{
  "object": {
    "pins": [
      {
        "package": "Bluetooth",
        "repositoryURL": "https://github.com/PureSwift/Bluetooth.git",
        "state": {
          "branch": null,
          "revision": "f7ca6901e1e8c4c7ba6e566bd9a266cb41e15d39",
          "version": "1.5.6"
        }
      }
    ]
  },
  "version": 1
}
