// !$*UTF8*$!
{
	archiveVersion = 1;
	classes = {
	};
	objectVersion = 46;
	objects = {

/* Begin PBXBuildFile section */
		6E0C5BB91C8373DB00AF63E5 /* Darwin.swift in Sources */ = {isa = PBXBuildFile; fileRef = 6E0C5BB81C8373DB00AF63E5 /* Darwin.swift */; };
		6E0C5BC21C837AA700AF63E5 /* ScanTest.swift in Sources */ = {isa = PBXBuildFile; fileRef = 6E0C5BBE1C8379D100AF63E5 /* ScanTest.swift */; };
		6E0C5BC31C837AAA00AF63E5 /* iBeaconTest.swift in Sources */ = {isa = PBXBuildFile; fileRef = 6E0C5BC01C837A9F00AF63E5 /* iBeaconTest.swift */; };
		6E0C5BD81C83A45100AF63E5 /* SecurityType.swift in Sources */ = {isa = PBXBuildFile; fileRef = 6E0C5BD71C83A45100AF63E5 /* SecurityType.swift */; };
		6E0C5BDA1C83AAC000AF63E5 /* UUID.swift in Sources */ = {isa = PBXBuildFile; fileRef = 6E0C5BD91C83AAC000AF63E5 /* UUID.swift */; };
		6E1552461C39A045002CC322 /* HCIEvent.swift in Sources */ = {isa = PBXBuildFile; fileRef = 6E1552451C39A045002CC322 /* HCIEvent.swift */; };
		6E15524A1C39A284002CC322 /* LowEnergyAddressType.swift in Sources */ = {isa = PBXBuildFile; fileRef = 6E1552491C39A284002CC322 /* LowEnergyAddressType.swift */; };
		6E15524C1C39C08A002CC322 /* OpcodeCommandField.swift in Sources */ = {isa = PBXBuildFile; fileRef = 6E15524B1C39C08A002CC322 /* OpcodeCommandField.swift */; };
		6E1552501C3A42FE002CC322 /* Error.swift in Sources */ = {isa = PBXBuildFile; fileRef = 6E15524F1C3A42FE002CC322 /* Error.swift */; };
		6E196CC31C8659DA009FA9CF /* HCI.swift in Sources */ = {isa = PBXBuildFile; fileRef = 6E196CC21C8659DA009FA9CF /* HCI.swift */; };
		6E196CC51C869A2E009FA9CF /* IOCTL.swift in Sources */ = {isa = PBXBuildFile; fileRef = 6E196CC41C869A2E009FA9CF /* IOCTL.swift */; };
		6E196CC71C86A5EC009FA9CF /* BluetoothProtocol.swift in Sources */ = {isa = PBXBuildFile; fileRef = 6E196CC61C86A5EC009FA9CF /* BluetoothProtocol.swift */; };
		6E196CC91C86E797009FA9CF /* Hexadecimal.swift in Sources */ = {isa = PBXBuildFile; fileRef = 6E196CC81C86E797009FA9CF /* Hexadecimal.swift */; };
		6E53E1731C84FD8200AC8FCA /* GATTServer.swift in Sources */ = {isa = PBXBuildFile; fileRef = 6E53E1721C84FD8200AC8FCA /* GATTServer.swift */; };
		6E53E1751C84FD8C00AC8FCA /* GATTClient.swift in Sources */ = {isa = PBXBuildFile; fileRef = 6E53E1741C84FD8C00AC8FCA /* GATTClient.swift */; };
		6E53E1771C8503AC00AC8FCA /* GATTDatabase.swift in Sources */ = {isa = PBXBuildFile; fileRef = 6E53E1761C8503AC00AC8FCA /* GATTDatabase.swift */; };
		6E53E1791C8503CA00AC8FCA /* ATTConnection.swift in Sources */ = {isa = PBXBuildFile; fileRef = 6E53E1781C8503CA00AC8FCA /* ATTConnection.swift */; };
		6E53E17B1C85645400AC8FCA /* PSM.swift in Sources */ = {isa = PBXBuildFile; fileRef = 6E53E17A1C85645400AC8FCA /* PSM.swift */; };
		6E53E17F1C85945E00AC8FCA /* Deque.swift in Sources */ = {isa = PBXBuildFile; fileRef = 6E53E17E1C85945E00AC8FCA /* Deque.swift */; };
		6E53E1831C859E8300AC8FCA /* ATTProtocolDataUnit.swift in Sources */ = {isa = PBXBuildFile; fileRef = 6E53E1821C859E8300AC8FCA /* ATTProtocolDataUnit.swift */; };
		6E795E891C47EC90002377FE /* LowEnergyCommand.swift in Sources */ = {isa = PBXBuildFile; fileRef = 6E795E881C47EC8F002377FE /* LowEnergyCommand.swift */; };
		6E795E901C489FE7002377FE /* LowEnergyCommandParameter.swift in Sources */ = {isa = PBXBuildFile; fileRef = 6E795E8F1C489FE7002377FE /* LowEnergyCommandParameter.swift */; };
		6E795E921C48A186002377FE /* LinkControlCommandParameter.swift in Sources */ = {isa = PBXBuildFile; fileRef = 6E795E911C48A186002377FE /* LinkControlCommandParameter.swift */; };
		6E795E941C48B80F002377FE /* LowEnergyEvent.swift in Sources */ = {isa = PBXBuildFile; fileRef = 6E795E931C48B80F002377FE /* LowEnergyEvent.swift */; };
		6E795E9B1C49821B002377FE /* LinkMode.swift in Sources */ = {isa = PBXBuildFile; fileRef = 6E795E9A1C49821B002377FE /* LinkMode.swift */; };
		6E881D7C1C38832400E509A9 /* DeviceCommand.swift in Sources */ = {isa = PBXBuildFile; fileRef = 6E881D7B1C38832400E509A9 /* DeviceCommand.swift */; };
		6E881D821C389F4B00E509A9 /* iBeacon.swift in Sources */ = {isa = PBXBuildFile; fileRef = 6E881D811C389F4B00E509A9 /* iBeacon.swift */; };
		6E881DA21C39812F00E509A9 /* DeviceRequest.swift in Sources */ = {isa = PBXBuildFile; fileRef = 6E881D831C39783F00E509A9 /* DeviceRequest.swift */; };
		6E881DAA1C39934200E509A9 /* HCICommandParameter.swift in Sources */ = {isa = PBXBuildFile; fileRef = 6E881DA91C39934200E509A9 /* HCICommandParameter.swift */; };
		6E881DAC1C3996A200E509A9 /* OpcodeGroupField.swift in Sources */ = {isa = PBXBuildFile; fileRef = 6E881DAB1C3996A200E509A9 /* OpcodeGroupField.swift */; };
		6E894BF41C83B51B00109F45 /* AddressType.swift in Sources */ = {isa = PBXBuildFile; fileRef = 6E894BF31C83B51B00109F45 /* AddressType.swift */; };
		6E894C001C83EA2000109F45 /* main.swift in Sources */ = {isa = PBXBuildFile; fileRef = 6E0C5BBD1C8379D100AF63E5 /* main.swift */; };
		6E894C021C83F1C500109F45 /* L2CAP.swift in Sources */ = {isa = PBXBuildFile; fileRef = 6E894C011C83F1C500109F45 /* L2CAP.swift */; };
		6E894C041C84092100109F45 /* Endianness.swift in Sources */ = {isa = PBXBuildFile; fileRef = 6E894C031C84092100109F45 /* Endianness.swift */; };
		6E92A4281C15309B007BC4E9 /* BlueZ.h in Headers */ = {isa = PBXBuildFile; fileRef = 6E92A4271C15309B007BC4E9 /* BlueZ.h */; settings = {ATTRIBUTES = (Public, ); }; };
		6E92A4371C1530EF007BC4E9 /* Adapter.swift in Sources */ = {isa = PBXBuildFile; fileRef = 6E92A4321C1530EF007BC4E9 /* Adapter.swift */; };
		6E92A4381C1530EF007BC4E9 /* Address.swift in Sources */ = {isa = PBXBuildFile; fileRef = 6E92A4331C1530EF007BC4E9 /* Address.swift */; };
		6E92A43B1C1530EF007BC4E9 /* Scan.swift in Sources */ = {isa = PBXBuildFile; fileRef = 6E92A4361C1530EF007BC4E9 /* Scan.swift */; };
		6EA37EF41C84B4EA00A61969 /* L2CAPServerTest.swift in Sources */ = {isa = PBXBuildFile; fileRef = 6EA37EF21C84B4EA00A61969 /* L2CAPServerTest.swift */; };
		6EA37EF61C84D6C800A61969 /* ATT.swift in Sources */ = {isa = PBXBuildFile; fileRef = 6EA37EF51C84D6C800A61969 /* ATT.swift */; };
		6EA37EF81C84D6CE00A61969 /* GATT.swift in Sources */ = {isa = PBXBuildFile; fileRef = 6EA37EF71C84D6CE00A61969 /* GATT.swift */; };
		6ECB305D1C47613F004CCA68 /* LinkControlCommand.swift in Sources */ = {isa = PBXBuildFile; fileRef = 6ECB305C1C47613F004CCA68 /* LinkControlCommand.swift */; };
		6ECB30601C47618E004CCA68 /* HCICommand.swift in Sources */ = {isa = PBXBuildFile; fileRef = 6ECB305F1C47618E004CCA68 /* HCICommand.swift */; };
/* End PBXBuildFile section */

/* Begin PBXFileReference section */
		6E0C5BB81C8373DB00AF63E5 /* Darwin.swift */ = {isa = PBXFileReference; fileEncoding = 4; lastKnownFileType = sourcecode.swift; path = Darwin.swift; sourceTree = "<group>"; };
		6E0C5BBD1C8379D100AF63E5 /* main.swift */ = {isa = PBXFileReference; lastKnownFileType = sourcecode.swift; path = main.swift; sourceTree = "<group>"; };
		6E0C5BBE1C8379D100AF63E5 /* ScanTest.swift */ = {isa = PBXFileReference; lastKnownFileType = sourcecode.swift; path = ScanTest.swift; sourceTree = "<group>"; };
		6E0C5BC01C837A9F00AF63E5 /* iBeaconTest.swift */ = {isa = PBXFileReference; lastKnownFileType = sourcecode.swift; path = iBeaconTest.swift; sourceTree = "<group>"; };
		6E0C5BC11C837A9F00AF63E5 /* main.swift */ = {isa = PBXFileReference; lastKnownFileType = sourcecode.swift; path = main.swift; sourceTree = "<group>"; };
		6E0C5BD71C83A45100AF63E5 /* SecurityType.swift */ = {isa = PBXFileReference; fileEncoding = 4; lastKnownFileType = sourcecode.swift; path = SecurityType.swift; sourceTree = "<group>"; };
		6E0C5BD91C83AAC000AF63E5 /* UUID.swift */ = {isa = PBXFileReference; fileEncoding = 4; lastKnownFileType = sourcecode.swift; path = UUID.swift; sourceTree = "<group>"; };
		6E1552451C39A045002CC322 /* HCIEvent.swift */ = {isa = PBXFileReference; fileEncoding = 4; lastKnownFileType = sourcecode.swift; path = HCIEvent.swift; sourceTree = "<group>"; };
		6E1552491C39A284002CC322 /* LowEnergyAddressType.swift */ = {isa = PBXFileReference; fileEncoding = 4; lastKnownFileType = sourcecode.swift; path = LowEnergyAddressType.swift; sourceTree = "<group>"; };
		6E15524B1C39C08A002CC322 /* OpcodeCommandField.swift */ = {isa = PBXFileReference; fileEncoding = 4; lastKnownFileType = sourcecode.swift; path = OpcodeCommandField.swift; sourceTree = "<group>"; };
		6E15524F1C3A42FE002CC322 /* Error.swift */ = {isa = PBXFileReference; fileEncoding = 4; lastKnownFileType = sourcecode.swift; path = Error.swift; sourceTree = "<group>"; };
		6E196CC21C8659DA009FA9CF /* HCI.swift */ = {isa = PBXFileReference; fileEncoding = 4; lastKnownFileType = sourcecode.swift; path = HCI.swift; sourceTree = "<group>"; };
		6E196CC41C869A2E009FA9CF /* IOCTL.swift */ = {isa = PBXFileReference; fileEncoding = 4; lastKnownFileType = sourcecode.swift; path = IOCTL.swift; sourceTree = "<group>"; };
		6E196CC61C86A5EC009FA9CF /* BluetoothProtocol.swift */ = {isa = PBXFileReference; fileEncoding = 4; lastKnownFileType = sourcecode.swift; path = BluetoothProtocol.swift; sourceTree = "<group>"; };
		6E196CC81C86E797009FA9CF /* Hexadecimal.swift */ = {isa = PBXFileReference; fileEncoding = 4; lastKnownFileType = sourcecode.swift; path = Hexadecimal.swift; sourceTree = "<group>"; };
		6E53E1721C84FD8200AC8FCA /* GATTServer.swift */ = {isa = PBXFileReference; fileEncoding = 4; lastKnownFileType = sourcecode.swift; path = GATTServer.swift; sourceTree = "<group>"; };
		6E53E1741C84FD8C00AC8FCA /* GATTClient.swift */ = {isa = PBXFileReference; fileEncoding = 4; lastKnownFileType = sourcecode.swift; path = GATTClient.swift; sourceTree = "<group>"; };
		6E53E1761C8503AC00AC8FCA /* GATTDatabase.swift */ = {isa = PBXFileReference; fileEncoding = 4; lastKnownFileType = sourcecode.swift; path = GATTDatabase.swift; sourceTree = "<group>"; };
		6E53E1781C8503CA00AC8FCA /* ATTConnection.swift */ = {isa = PBXFileReference; fileEncoding = 4; lastKnownFileType = sourcecode.swift; path = ATTConnection.swift; sourceTree = "<group>"; };
		6E53E17A1C85645400AC8FCA /* PSM.swift */ = {isa = PBXFileReference; fileEncoding = 4; lastKnownFileType = sourcecode.swift; path = PSM.swift; sourceTree = "<group>"; };
		6E53E17E1C85945E00AC8FCA /* Deque.swift */ = {isa = PBXFileReference; fileEncoding = 4; lastKnownFileType = sourcecode.swift; path = Deque.swift; sourceTree = "<group>"; };
		6E53E1821C859E8300AC8FCA /* ATTProtocolDataUnit.swift */ = {isa = PBXFileReference; fileEncoding = 4; lastKnownFileType = sourcecode.swift; path = ATTProtocolDataUnit.swift; sourceTree = "<group>"; };
		6E795E881C47EC8F002377FE /* LowEnergyCommand.swift */ = {isa = PBXFileReference; fileEncoding = 4; lastKnownFileType = sourcecode.swift; path = LowEnergyCommand.swift; sourceTree = "<group>"; };
		6E795E8F1C489FE7002377FE /* LowEnergyCommandParameter.swift */ = {isa = PBXFileReference; fileEncoding = 4; lastKnownFileType = sourcecode.swift; path = LowEnergyCommandParameter.swift; sourceTree = "<group>"; };
		6E795E911C48A186002377FE /* LinkControlCommandParameter.swift */ = {isa = PBXFileReference; fileEncoding = 4; lastKnownFileType = sourcecode.swift; path = LinkControlCommandParameter.swift; sourceTree = "<group>"; };
		6E795E931C48B80F002377FE /* LowEnergyEvent.swift */ = {isa = PBXFileReference; fileEncoding = 4; lastKnownFileType = sourcecode.swift; path = LowEnergyEvent.swift; sourceTree = "<group>"; };
		6E795E9A1C49821B002377FE /* LinkMode.swift */ = {isa = PBXFileReference; fileEncoding = 4; lastKnownFileType = sourcecode.swift; path = LinkMode.swift; sourceTree = "<group>"; };
		6E881D7B1C38832400E509A9 /* DeviceCommand.swift */ = {isa = PBXFileReference; fileEncoding = 4; lastKnownFileType = sourcecode.swift; path = DeviceCommand.swift; sourceTree = "<group>"; };
		6E881D811C389F4B00E509A9 /* iBeacon.swift */ = {isa = PBXFileReference; fileEncoding = 4; lastKnownFileType = sourcecode.swift; path = iBeacon.swift; sourceTree = "<group>"; };
		6E881D831C39783F00E509A9 /* DeviceRequest.swift */ = {isa = PBXFileReference; fileEncoding = 4; lastKnownFileType = sourcecode.swift; path = DeviceRequest.swift; sourceTree = "<group>"; };
		6E881DA51C398D0C00E509A9 /* Headers */ = {isa = PBXFileReference; lastKnownFileType = folder; name = Headers; path = ../Headers; sourceTree = "<group>"; };
		6E881DA91C39934200E509A9 /* HCICommandParameter.swift */ = {isa = PBXFileReference; fileEncoding = 4; lastKnownFileType = sourcecode.swift; path = HCICommandParameter.swift; sourceTree = "<group>"; };
		6E881DAB1C3996A200E509A9 /* OpcodeGroupField.swift */ = {isa = PBXFileReference; fileEncoding = 4; lastKnownFileType = sourcecode.swift; path = OpcodeGroupField.swift; sourceTree = "<group>"; };
		6E894BF31C83B51B00109F45 /* AddressType.swift */ = {isa = PBXFileReference; fileEncoding = 4; lastKnownFileType = sourcecode.swift; path = AddressType.swift; sourceTree = "<group>"; };
		6E894C011C83F1C500109F45 /* L2CAP.swift */ = {isa = PBXFileReference; fileEncoding = 4; lastKnownFileType = sourcecode.swift; path = L2CAP.swift; sourceTree = "<group>"; };
		6E894C031C84092100109F45 /* Endianness.swift */ = {isa = PBXFileReference; fileEncoding = 4; lastKnownFileType = sourcecode.swift; path = Endianness.swift; sourceTree = "<group>"; };
		6E92A4241C15309B007BC4E9 /* BlueZ.framework */ = {isa = PBXFileReference; explicitFileType = wrapper.framework; includeInIndex = 0; path = BlueZ.framework; sourceTree = BUILT_PRODUCTS_DIR; };
		6E92A4271C15309B007BC4E9 /* BlueZ.h */ = {isa = PBXFileReference; lastKnownFileType = sourcecode.c.h; path = BlueZ.h; sourceTree = "<group>"; };
		6E92A4291C15309B007BC4E9 /* Info.plist */ = {isa = PBXFileReference; lastKnownFileType = text.plist.xml; path = Info.plist; sourceTree = "<group>"; };
		6E92A42F1C1530DC007BC4E9 /* Package.swift */ = {isa = PBXFileReference; lastKnownFileType = sourcecode.swift; name = Package.swift; path = ../Package.swift; sourceTree = "<group>"; };
		6E92A4321C1530EF007BC4E9 /* Adapter.swift */ = {isa = PBXFileReference; fileEncoding = 4; lastKnownFileType = sourcecode.swift; path = Adapter.swift; sourceTree = "<group>"; };
		6E92A4331C1530EF007BC4E9 /* Address.swift */ = {isa = PBXFileReference; fileEncoding = 4; lastKnownFileType = sourcecode.swift; path = Address.swift; sourceTree = "<group>"; };
		6E92A4361C1530EF007BC4E9 /* Scan.swift */ = {isa = PBXFileReference; fileEncoding = 4; lastKnownFileType = sourcecode.swift; path = Scan.swift; sourceTree = "<group>"; };
		6EA37EF11C84B4EA00A61969 /* main.swift */ = {isa = PBXFileReference; fileEncoding = 4; lastKnownFileType = sourcecode.swift; path = main.swift; sourceTree = "<group>"; };
		6EA37EF21C84B4EA00A61969 /* L2CAPServerTest.swift */ = {isa = PBXFileReference; fileEncoding = 4; lastKnownFileType = sourcecode.swift; path = L2CAPServerTest.swift; sourceTree = "<group>"; };
		6EA37EF51C84D6C800A61969 /* ATT.swift */ = {isa = PBXFileReference; fileEncoding = 4; lastKnownFileType = sourcecode.swift; path = ATT.swift; sourceTree = "<group>"; };
		6EA37EF71C84D6CE00A61969 /* GATT.swift */ = {isa = PBXFileReference; fileEncoding = 4; lastKnownFileType = sourcecode.swift; path = GATT.swift; sourceTree = "<group>"; };
		6ECB305C1C47613F004CCA68 /* LinkControlCommand.swift */ = {isa = PBXFileReference; fileEncoding = 4; lastKnownFileType = sourcecode.swift; path = LinkControlCommand.swift; sourceTree = "<group>"; };
		6ECB305F1C47618E004CCA68 /* HCICommand.swift */ = {isa = PBXFileReference; fileEncoding = 4; lastKnownFileType = sourcecode.swift; path = HCICommand.swift; sourceTree = "<group>"; };
/* End PBXFileReference section */

/* Begin PBXFrameworksBuildPhase section */
		6E92A4201C15309B007BC4E9 /* Frameworks */ = {
			isa = PBXFrameworksBuildPhase;
			buildActionMask = 2147483647;
			files = (
			);
			runOnlyForDeploymentPostprocessing = 0;
		};
/* End PBXFrameworksBuildPhase section */

/* Begin PBXGroup section */
		6E0C5BBA1C83794700AF63E5 /* Tests */ = {
			isa = PBXGroup;
			children = (
				6EA37EF01C84B4EA00A61969 /* L2CAPServerTest */,
				6E0C5BBF1C837A9F00AF63E5 /* iBeaconTest */,
				6E0C5BBC1C8379D100AF63E5 /* ScanTest */,
			);
			name = Tests;
			sourceTree = "<group>";
		};
		6E0C5BBC1C8379D100AF63E5 /* ScanTest */ = {
			isa = PBXGroup;
			children = (
				6E0C5BBD1C8379D100AF63E5 /* main.swift */,
				6E0C5BBE1C8379D100AF63E5 /* ScanTest.swift */,
			);
			name = ScanTest;
			path = ../Sources/ScanTest;
			sourceTree = "<group>";
		};
		6E0C5BBF1C837A9F00AF63E5 /* iBeaconTest */ = {
			isa = PBXGroup;
			children = (
				6E0C5BC11C837A9F00AF63E5 /* main.swift */,
				6E0C5BC01C837A9F00AF63E5 /* iBeaconTest.swift */,
			);
			name = iBeaconTest;
			path = ../Sources/iBeaconTest;
			sourceTree = "<group>";
		};
		6E795E951C48B815002377FE /* HCI Event */ = {
			isa = PBXGroup;
			children = (
				6E1552451C39A045002CC322 /* HCIEvent.swift */,
				6E795E931C48B80F002377FE /* LowEnergyEvent.swift */,
			);
			name = "HCI Event";
			sourceTree = "<group>";
		};
		6E92A41A1C15309B007BC4E9 = {
			isa = PBXGroup;
			children = (
				6E92A42F1C1530DC007BC4E9 /* Package.swift */,
				6E881DA51C398D0C00E509A9 /* Headers */,
				6E0C5BBA1C83794700AF63E5 /* Tests */,
				6E92A4311C1530EF007BC4E9 /* Source */,
				6E92A4261C15309B007BC4E9 /* BlueZ */,
				6E92A4251C15309B007BC4E9 /* Products */,
			);
			sourceTree = "<group>";
		};
		6E92A4251C15309B007BC4E9 /* Products */ = {
			isa = PBXGroup;
			children = (
				6E92A4241C15309B007BC4E9 /* BlueZ.framework */,
			);
			name = Products;
			sourceTree = "<group>";
		};
		6E92A4261C15309B007BC4E9 /* BlueZ */ = {
			isa = PBXGroup;
			children = (
				6E92A4271C15309B007BC4E9 /* BlueZ.h */,
				6E92A4291C15309B007BC4E9 /* Info.plist */,
			);
			path = BlueZ;
			sourceTree = "<group>";
		};
		6E92A4311C1530EF007BC4E9 /* Source */ = {
			isa = PBXGroup;
			children = (
				6E0C5BB81C8373DB00AF63E5 /* Darwin.swift */,
				6E894C031C84092100109F45 /* Endianness.swift */,
				6E196CC81C86E797009FA9CF /* Hexadecimal.swift */,
				6E92A4321C1530EF007BC4E9 /* Adapter.swift */,
				6E92A4331C1530EF007BC4E9 /* Address.swift */,
				6E894BF31C83B51B00109F45 /* AddressType.swift */,
				6E1552491C39A284002CC322 /* LowEnergyAddressType.swift */,
				6E0C5BD71C83A45100AF63E5 /* SecurityType.swift */,
				6E0C5BD91C83AAC000AF63E5 /* UUID.swift */,
				6E15524F1C3A42FE002CC322 /* Error.swift */,
				6E881D7B1C38832400E509A9 /* DeviceCommand.swift */,
				6E881D831C39783F00E509A9 /* DeviceRequest.swift */,
				6E196CC41C869A2E009FA9CF /* IOCTL.swift */,
				6E196CC21C8659DA009FA9CF /* HCI.swift */,
				6E881DAB1C3996A200E509A9 /* OpcodeGroupField.swift */,
				6E15524B1C39C08A002CC322 /* OpcodeCommandField.swift */,
				6E795E9A1C49821B002377FE /* LinkMode.swift */,
				6E196CC61C86A5EC009FA9CF /* BluetoothProtocol.swift */,
				6E92A4361C1530EF007BC4E9 /* Scan.swift */,
				6E881D811C389F4B00E509A9 /* iBeacon.swift */,
				6E53E17A1C85645400AC8FCA /* PSM.swift */,
				6E894C011C83F1C500109F45 /* L2CAP.swift */,
				6EA37EF51C84D6C800A61969 /* ATT.swift */,
				6E53E1821C859E8300AC8FCA /* ATTProtocolDataUnit.swift */,
				6E53E1781C8503CA00AC8FCA /* ATTConnection.swift */,
				6EA37EF71C84D6CE00A61969 /* GATT.swift */,
				6E53E1721C84FD8200AC8FCA /* GATTServer.swift */,
				6E53E1741C84FD8C00AC8FCA /* GATTClient.swift */,
				6E53E1761C8503AC00AC8FCA /* GATTDatabase.swift */,
				6E53E17E1C85945E00AC8FCA /* Deque.swift */,
				6E795E951C48B815002377FE /* HCI Event */,
				6ECB305E1C476145004CCA68 /* HCI Commands */,
			);
			name = Source;
			path = ../Sources/BlueZ;
			sourceTree = "<group>";
		};
		6EA37EF01C84B4EA00A61969 /* L2CAPServerTest */ = {
			isa = PBXGroup;
			children = (
				6EA37EF11C84B4EA00A61969 /* main.swift */,
				6EA37EF21C84B4EA00A61969 /* L2CAPServerTest.swift */,
			);
			name = L2CAPServerTest;
			path = ../Sources/L2CAPServerTest;
			sourceTree = "<group>";
		};
		6ECB305E1C476145004CCA68 /* HCI Commands */ = {
			isa = PBXGroup;
			children = (
				6ECB305F1C47618E004CCA68 /* HCICommand.swift */,
				6E881DA91C39934200E509A9 /* HCICommandParameter.swift */,
				6ECB305C1C47613F004CCA68 /* LinkControlCommand.swift */,
				6E795E911C48A186002377FE /* LinkControlCommandParameter.swift */,
				6E795E881C47EC8F002377FE /* LowEnergyCommand.swift */,
				6E795E8F1C489FE7002377FE /* LowEnergyCommandParameter.swift */,
			);
			name = "HCI Commands";
			sourceTree = "<group>";
		};
/* End PBXGroup section */

/* Begin PBXHeadersBuildPhase section */
		6E92A4211C15309B007BC4E9 /* Headers */ = {
			isa = PBXHeadersBuildPhase;
			buildActionMask = 2147483647;
			files = (
				6E92A4281C15309B007BC4E9 /* BlueZ.h in Headers */,
			);
			runOnlyForDeploymentPostprocessing = 0;
		};
/* End PBXHeadersBuildPhase section */

/* Begin PBXNativeTarget section */
		6E92A4231C15309B007BC4E9 /* BlueZ */ = {
			isa = PBXNativeTarget;
			buildConfigurationList = 6E92A42C1C15309B007BC4E9 /* Build configuration list for PBXNativeTarget "BlueZ" */;
			buildPhases = (
				6E92A41F1C15309B007BC4E9 /* Sources */,
				6E92A4201C15309B007BC4E9 /* Frameworks */,
				6E92A4211C15309B007BC4E9 /* Headers */,
				6E92A4221C15309B007BC4E9 /* Resources */,
			);
			buildRules = (
			);
			dependencies = (
			);
			name = BlueZ;
			productName = BlueZ;
			productReference = 6E92A4241C15309B007BC4E9 /* BlueZ.framework */;
			productType = "com.apple.product-type.framework";
		};
/* End PBXNativeTarget section */

/* Begin PBXProject section */
		6E92A41B1C15309B007BC4E9 /* Project object */ = {
			isa = PBXProject;
			attributes = {
				LastUpgradeCheck = 0710;
				ORGANIZATIONNAME = PureSwift;
				TargetAttributes = {
					6E92A4231C15309B007BC4E9 = {
						CreatedOnToolsVersion = 7.1.1;
					};
				};
			};
			buildConfigurationList = 6E92A41E1C15309B007BC4E9 /* Build configuration list for PBXProject "BlueZ" */;
			compatibilityVersion = "Xcode 3.2";
			developmentRegion = English;
			hasScannedForEncodings = 0;
			knownRegions = (
				en,
			);
			mainGroup = 6E92A41A1C15309B007BC4E9;
			productRefGroup = 6E92A4251C15309B007BC4E9 /* Products */;
			projectDirPath = "";
			projectRoot = "";
			targets = (
				6E92A4231C15309B007BC4E9 /* BlueZ */,
			);
		};
/* End PBXProject section */

/* Begin PBXResourcesBuildPhase section */
		6E92A4221C15309B007BC4E9 /* Resources */ = {
			isa = PBXResourcesBuildPhase;
			buildActionMask = 2147483647;
			files = (
			);
			runOnlyForDeploymentPostprocessing = 0;
		};
/* End PBXResourcesBuildPhase section */

/* Begin PBXSourcesBuildPhase section */
		6E92A41F1C15309B007BC4E9 /* Sources */ = {
			isa = PBXSourcesBuildPhase;
			buildActionMask = 2147483647;
			files = (
				6E795E891C47EC90002377FE /* LowEnergyCommand.swift in Sources */,
				6E894C041C84092100109F45 /* Endianness.swift in Sources */,
				6E53E17B1C85645400AC8FCA /* PSM.swift in Sources */,
				6E15524C1C39C08A002CC322 /* OpcodeCommandField.swift in Sources */,
				6E53E1771C8503AC00AC8FCA /* GATTDatabase.swift in Sources */,
				6E881DAC1C3996A200E509A9 /* OpcodeGroupField.swift in Sources */,
				6E15524A1C39A284002CC322 /* LowEnergyAddressType.swift in Sources */,
				6E0C5BC31C837AAA00AF63E5 /* iBeaconTest.swift in Sources */,
				6E53E1751C84FD8C00AC8FCA /* GATTClient.swift in Sources */,
				6E0C5BD81C83A45100AF63E5 /* SecurityType.swift in Sources */,
				6E92A43B1C1530EF007BC4E9 /* Scan.swift in Sources */,
				6E795E941C48B80F002377FE /* LowEnergyEvent.swift in Sources */,
				6E881D821C389F4B00E509A9 /* iBeacon.swift in Sources */,
				6E92A4381C1530EF007BC4E9 /* Address.swift in Sources */,
				6E881DAA1C39934200E509A9 /* HCICommandParameter.swift in Sources */,
				6E53E1731C84FD8200AC8FCA /* GATTServer.swift in Sources */,
				6E53E1831C859E8300AC8FCA /* ATTProtocolDataUnit.swift in Sources */,
				6E196CC51C869A2E009FA9CF /* IOCTL.swift in Sources */,
				6E881DA21C39812F00E509A9 /* DeviceRequest.swift in Sources */,
				6E1552501C3A42FE002CC322 /* Error.swift in Sources */,
				6E795E901C489FE7002377FE /* LowEnergyCommandParameter.swift in Sources */,
				6E795E9B1C49821B002377FE /* LinkMode.swift in Sources */,
				6E795E921C48A186002377FE /* LinkControlCommandParameter.swift in Sources */,
				6E53E17F1C85945E00AC8FCA /* Deque.swift in Sources */,
				6EA37EF61C84D6C800A61969 /* ATT.swift in Sources */,
				6E0C5BC21C837AA700AF63E5 /* ScanTest.swift in Sources */,
				6ECB305D1C47613F004CCA68 /* LinkControlCommand.swift in Sources */,
				6E196CC91C86E797009FA9CF /* Hexadecimal.swift in Sources */,
				6EA37EF81C84D6CE00A61969 /* GATT.swift in Sources */,
				6ECB30601C47618E004CCA68 /* HCICommand.swift in Sources */,
				6E1552461C39A045002CC322 /* HCIEvent.swift in Sources */,
				6E894C001C83EA2000109F45 /* main.swift in Sources */,
				6E0C5BDA1C83AAC000AF63E5 /* UUID.swift in Sources */,
				6E196CC31C8659DA009FA9CF /* HCI.swift in Sources */,
				6E196CC71C86A5EC009FA9CF /* BluetoothProtocol.swift in Sources */,
				6E894BF41C83B51B00109F45 /* AddressType.swift in Sources */,
				6EA37EF41C84B4EA00A61969 /* L2CAPServerTest.swift in Sources */,
				6E894C021C83F1C500109F45 /* L2CAP.swift in Sources */,
				6E92A4371C1530EF007BC4E9 /* Adapter.swift in Sources */,
				6E0C5BB91C8373DB00AF63E5 /* Darwin.swift in Sources */,
				6E881D7C1C38832400E509A9 /* DeviceCommand.swift in Sources */,
				6E53E1791C8503CA00AC8FCA /* ATTConnection.swift in Sources */,
			);
			runOnlyForDeploymentPostprocessing = 0;
		};
/* End PBXSourcesBuildPhase section */

/* Begin XCBuildConfiguration section */
		6E92A42A1C15309B007BC4E9 /* Debug */ = {
			isa = XCBuildConfiguration;
			buildSettings = {
				ALWAYS_SEARCH_USER_PATHS = NO;
				CLANG_CXX_LANGUAGE_STANDARD = "gnu++0x";
				CLANG_CXX_LIBRARY = "libc++";
				CLANG_ENABLE_MODULES = YES;
				CLANG_ENABLE_OBJC_ARC = YES;
				CLANG_WARN_BOOL_CONVERSION = YES;
				CLANG_WARN_CONSTANT_CONVERSION = YES;
				CLANG_WARN_DIRECT_OBJC_ISA_USAGE = YES_ERROR;
				CLANG_WARN_EMPTY_BODY = YES;
				CLANG_WARN_ENUM_CONVERSION = YES;
				CLANG_WARN_INT_CONVERSION = YES;
				CLANG_WARN_OBJC_ROOT_CLASS = YES_ERROR;
				CLANG_WARN_UNREACHABLE_CODE = YES;
				CLANG_WARN__DUPLICATE_METHOD_MATCH = YES;
				CODE_SIGN_IDENTITY = "-";
				COPY_PHASE_STRIP = NO;
				CURRENT_PROJECT_VERSION = 1;
				DEBUG_INFORMATION_FORMAT = dwarf;
				ENABLE_STRICT_OBJC_MSGSEND = YES;
				ENABLE_TESTABILITY = YES;
				GCC_C_LANGUAGE_STANDARD = gnu99;
				GCC_DYNAMIC_NO_PIC = NO;
				GCC_NO_COMMON_BLOCKS = YES;
				GCC_OPTIMIZATION_LEVEL = 0;
				GCC_PREPROCESSOR_DEFINITIONS = (
					"DEBUG=1",
					"$(inherited)",
				);
				GCC_WARN_64_TO_32_BIT_CONVERSION = YES;
				GCC_WARN_ABOUT_RETURN_TYPE = YES_ERROR;
				GCC_WARN_UNDECLARED_SELECTOR = YES;
				GCC_WARN_UNINITIALIZED_AUTOS = YES_AGGRESSIVE;
				GCC_WARN_UNUSED_FUNCTION = YES;
				GCC_WARN_UNUSED_VARIABLE = YES;
				MACOSX_DEPLOYMENT_TARGET = 10.11;
				MTL_ENABLE_DEBUG_INFO = YES;
				ONLY_ACTIVE_ARCH = YES;
				SDKROOT = macosx;
				SWIFT_OPTIMIZATION_LEVEL = "-Onone";
				VERSIONING_SYSTEM = "apple-generic";
				VERSION_INFO_PREFIX = "";
			};
			name = Debug;
		};
		6E92A42B1C15309B007BC4E9 /* Release */ = {
			isa = XCBuildConfiguration;
			buildSettings = {
				ALWAYS_SEARCH_USER_PATHS = NO;
				CLANG_CXX_LANGUAGE_STANDARD = "gnu++0x";
				CLANG_CXX_LIBRARY = "libc++";
				CLANG_ENABLE_MODULES = YES;
				CLANG_ENABLE_OBJC_ARC = YES;
				CLANG_WARN_BOOL_CONVERSION = YES;
				CLANG_WARN_CONSTANT_CONVERSION = YES;
				CLANG_WARN_DIRECT_OBJC_ISA_USAGE = YES_ERROR;
				CLANG_WARN_EMPTY_BODY = YES;
				CLANG_WARN_ENUM_CONVERSION = YES;
				CLANG_WARN_INT_CONVERSION = YES;
				CLANG_WARN_OBJC_ROOT_CLASS = YES_ERROR;
				CLANG_WARN_UNREACHABLE_CODE = YES;
				CLANG_WARN__DUPLICATE_METHOD_MATCH = YES;
				CODE_SIGN_IDENTITY = "-";
				COPY_PHASE_STRIP = NO;
				CURRENT_PROJECT_VERSION = 1;
				DEBUG_INFORMATION_FORMAT = "dwarf-with-dsym";
				ENABLE_NS_ASSERTIONS = NO;
				ENABLE_STRICT_OBJC_MSGSEND = YES;
				GCC_C_LANGUAGE_STANDARD = gnu99;
				GCC_NO_COMMON_BLOCKS = YES;
				GCC_WARN_64_TO_32_BIT_CONVERSION = YES;
				GCC_WARN_ABOUT_RETURN_TYPE = YES_ERROR;
				GCC_WARN_UNDECLARED_SELECTOR = YES;
				GCC_WARN_UNINITIALIZED_AUTOS = YES_AGGRESSIVE;
				GCC_WARN_UNUSED_FUNCTION = YES;
				GCC_WARN_UNUSED_VARIABLE = YES;
				MACOSX_DEPLOYMENT_TARGET = 10.11;
				MTL_ENABLE_DEBUG_INFO = NO;
				SDKROOT = macosx;
				VERSIONING_SYSTEM = "apple-generic";
				VERSION_INFO_PREFIX = "";
			};
			name = Release;
		};
		6E92A42D1C15309B007BC4E9 /* Debug */ = {
			isa = XCBuildConfiguration;
			buildSettings = {
				COMBINE_HIDPI_IMAGES = YES;
				DEFINES_MODULE = YES;
				DYLIB_COMPATIBILITY_VERSION = 1;
				DYLIB_CURRENT_VERSION = 1;
				DYLIB_INSTALL_NAME_BASE = "@rpath";
				FRAMEWORK_SEARCH_PATHS = $SRCROOT/../Carthage/Build/Mac;
				FRAMEWORK_VERSION = A;
				INFOPLIST_FILE = BlueZ/Info.plist;
				INSTALL_PATH = "$(LOCAL_LIBRARY_DIR)/Frameworks";
				LD_RUNPATH_SEARCH_PATHS = "$(inherited) @executable_path/../Frameworks @loader_path/Frameworks";
				PRODUCT_BUNDLE_IDENTIFIER = org.pureswift.BlueZ;
				PRODUCT_NAME = "$(TARGET_NAME)";
				SDKROOT = macosx;
				SKIP_INSTALL = YES;
			};
			name = Debug;
		};
		6E92A42E1C15309B007BC4E9 /* Release */ = {
			isa = XCBuildConfiguration;
			buildSettings = {
				COMBINE_HIDPI_IMAGES = YES;
				DEFINES_MODULE = YES;
				DYLIB_COMPATIBILITY_VERSION = 1;
				DYLIB_CURRENT_VERSION = 1;
				DYLIB_INSTALL_NAME_BASE = "@rpath";
				FRAMEWORK_SEARCH_PATHS = $SRCROOT/../Carthage/Build/Mac;
				FRAMEWORK_VERSION = A;
				INFOPLIST_FILE = BlueZ/Info.plist;
				INSTALL_PATH = "$(LOCAL_LIBRARY_DIR)/Frameworks";
				LD_RUNPATH_SEARCH_PATHS = "$(inherited) @executable_path/../Frameworks @loader_path/Frameworks";
				PRODUCT_BUNDLE_IDENTIFIER = org.pureswift.BlueZ;
				PRODUCT_NAME = "$(TARGET_NAME)";
				SDKROOT = macosx;
				SKIP_INSTALL = YES;
			};
			name = Release;
		};
/* End XCBuildConfiguration section */

/* Begin XCConfigurationList section */
		6E92A41E1C15309B007BC4E9 /* Build configuration list for PBXProject "BlueZ" */ = {
			isa = XCConfigurationList;
			buildConfigurations = (
				6E92A42A1C15309B007BC4E9 /* Debug */,
				6E92A42B1C15309B007BC4E9 /* Release */,
			);
			defaultConfigurationIsVisible = 0;
			defaultConfigurationName = Release;
		};
		6E92A42C1C15309B007BC4E9 /* Build configuration list for PBXNativeTarget "BlueZ" */ = {
			isa = XCConfigurationList;
			buildConfigurations = (
				6E92A42D1C15309B007BC4E9 /* Debug */,
				6E92A42E1C15309B007BC4E9 /* Release */,
			);
			defaultConfigurationIsVisible = 0;
			defaultConfigurationName = Release;
		};
/* End XCConfigurationList section */
	};
	rootObject = 6E92A41B1C15309B007BC4E9 /* Project object */;
}
