// !$*UTF8*$!
{
	archiveVersion = 1;
	classes = {
	};
	objectVersion = 46;
	objects = {

/* Begin PBXBuildFile section */
		6E2F71CA1C14D26200E81D56 /* Adapter.swift in Sources */ = {isa = PBXBuildFile; fileRef = 6E2F71C41C14D26200E81D56 /* Adapter.swift */; };
		6E2F71CB1C14D26200E81D56 /* Address.swift in Sources */ = {isa = PBXBuildFile; fileRef = 6E2F71C51C14D26200E81D56 /* Address.swift */; };
		6E2F71CC1C14D26200E81D56 /* Bluetooth.swift in Sources */ = {isa = PBXBuildFile; fileRef = 6E2F71C61C14D26200E81D56 /* Bluetooth.swift */; };
		6E2F71CD1C14D26200E81D56 /* ByteValue.swift in Sources */ = {isa = PBXBuildFile; fileRef = 6E2F71C71C14D26200E81D56 /* ByteValue.swift */; };
		6E2F71CE1C14D26200E81D56 /* main.swift in Sources */ = {isa = PBXBuildFile; fileRef = 6E2F71C91C14D26200E81D56 /* main.swift */; };
/* End PBXBuildFile section */

/* Begin PBXCopyFilesBuildPhase section */
		6E1697791C142A0A00264BED /* CopyFiles */ = {
			isa = PBXCopyFilesBuildPhase;
			buildActionMask = 2147483647;
			dstPath = /usr/share/man/man1/;
			dstSubfolderSpec = 0;
			files = (
			);
			runOnlyForDeploymentPostprocessing = 1;
		};
/* End PBXCopyFilesBuildPhase section */

/* Begin PBXFileReference section */
		6E16977B1C142A0A00264BED /* BlueZ */ = {isa = PBXFileReference; explicitFileType = "compiled.mach-o.executable"; includeInIndex = 0; path = BlueZ; sourceTree = BUILT_PRODUCTS_DIR; };
		6E16AE581C14307200264BED /* Package.swift */ = {isa = PBXFileReference; lastKnownFileType = sourcecode.swift; name = Package.swift; path = ../Package.swift; sourceTree = "<group>"; };
		6E2F71C41C14D26200E81D56 /* Adapter.swift */ = {isa = PBXFileReference; fileEncoding = 4; lastKnownFileType = sourcecode.swift; path = Adapter.swift; sourceTree = "<group>"; };
		6E2F71C51C14D26200E81D56 /* Address.swift */ = {isa = PBXFileReference; fileEncoding = 4; lastKnownFileType = sourcecode.swift; path = Address.swift; sourceTree = "<group>"; };
		6E2F71C61C14D26200E81D56 /* Bluetooth.swift */ = {isa = PBXFileReference; fileEncoding = 4; lastKnownFileType = sourcecode.swift; path = Bluetooth.swift; sourceTree = "<group>"; };
		6E2F71C71C14D26200E81D56 /* ByteValue.swift */ = {isa = PBXFileReference; fileEncoding = 4; lastKnownFileType = sourcecode.swift; path = ByteValue.swift; sourceTree = "<group>"; };
		6E2F71C91C14D26200E81D56 /* main.swift */ = {isa = PBXFileReference; fileEncoding = 4; lastKnownFileType = sourcecode.swift; path = main.swift; sourceTree = "<group>"; };
/* End PBXFileReference section */

/* Begin PBXFrameworksBuildPhase section */
		6E1697781C142A0A00264BED /* Frameworks */ = {
			isa = PBXFrameworksBuildPhase;
			buildActionMask = 2147483647;
			files = (
			);
			runOnlyForDeploymentPostprocessing = 0;
		};
/* End PBXFrameworksBuildPhase section */

/* Begin PBXGroup section */
		6E1697721C142A0A00264BED = {
			isa = PBXGroup;
			children = (
				6E16AE581C14307200264BED /* Package.swift */,
				6E2F71C31C14D26200E81D56 /* SwiftBlueZ */,
				6E2F71C81C14D26200E81D56 /* UnitTests */,
				6E16977C1C142A0A00264BED /* Products */,
			);
			sourceTree = "<group>";
		};
		6E16977C1C142A0A00264BED /* Products */ = {
			isa = PBXGroup;
			children = (
				6E16977B1C142A0A00264BED /* BlueZ */,
			);
			name = Products;
			sourceTree = "<group>";
		};
		6E2F71C31C14D26200E81D56 /* SwiftBlueZ */ = {
			isa = PBXGroup;
			children = (
				6E2F71C41C14D26200E81D56 /* Adapter.swift */,
				6E2F71C51C14D26200E81D56 /* Address.swift */,
				6E2F71C61C14D26200E81D56 /* Bluetooth.swift */,
				6E2F71C71C14D26200E81D56 /* ByteValue.swift */,
			);
			name = SwiftBlueZ;
			path = ../Sources/SwiftBlueZ;
			sourceTree = "<group>";
		};
		6E2F71C81C14D26200E81D56 /* UnitTests */ = {
			isa = PBXGroup;
			children = (
				6E2F71C91C14D26200E81D56 /* main.swift */,
			);
			name = UnitTests;
			path = ../Sources/UnitTests;
			sourceTree = "<group>";
		};
/* End PBXGroup section */

/* Begin PBXHeadersBuildPhase section */
		6E1697A01C142CAB00264BED /* Headers */ = {
			isa = PBXHeadersBuildPhase;
			buildActionMask = 2147483647;
			files = (
			);
			runOnlyForDeploymentPostprocessing = 0;
		};
/* End PBXHeadersBuildPhase section */

/* Begin PBXNativeTarget section */
		6E16977A1C142A0A00264BED /* BlueZ */ = {
			isa = PBXNativeTarget;
			buildConfigurationList = 6E1697821C142A0A00264BED /* Build configuration list for PBXNativeTarget "BlueZ" */;
			buildPhases = (
				6E1697771C142A0A00264BED /* Sources */,
				6E1697781C142A0A00264BED /* Frameworks */,
				6E1697791C142A0A00264BED /* CopyFiles */,
				6E1697A01C142CAB00264BED /* Headers */,
			);
			buildRules = (
			);
			dependencies = (
			);
			name = BlueZ;
			productName = BlueZIndexing;
			productReference = 6E16977B1C142A0A00264BED /* BlueZ */;
			productType = "com.apple.product-type.tool";
		};
/* End PBXNativeTarget section */

/* Begin PBXProject section */
		6E1697731C142A0A00264BED /* Project object */ = {
			isa = PBXProject;
			attributes = {
				LastSwiftUpdateCheck = 0710;
				LastUpgradeCheck = 0710;
				ORGANIZATIONNAME = PureSwift;
				TargetAttributes = {
					6E16977A1C142A0A00264BED = {
						CreatedOnToolsVersion = 7.1.1;
					};
				};
			};
			buildConfigurationList = 6E1697761C142A0A00264BED /* Build configuration list for PBXProject "BlueZ" */;
			compatibilityVersion = "Xcode 3.2";
			developmentRegion = English;
			hasScannedForEncodings = 0;
			knownRegions = (
				en,
			);
			mainGroup = 6E1697721C142A0A00264BED;
			productRefGroup = 6E16977C1C142A0A00264BED /* Products */;
			projectDirPath = "";
			projectRoot = "";
			targets = (
				6E16977A1C142A0A00264BED /* BlueZ */,
			);
		};
/* End PBXProject section */

/* Begin PBXSourcesBuildPhase section */
		6E1697771C142A0A00264BED /* Sources */ = {
			isa = PBXSourcesBuildPhase;
			buildActionMask = 2147483647;
			files = (
				6E2F71CB1C14D26200E81D56 /* Address.swift in Sources */,
				6E2F71CE1C14D26200E81D56 /* main.swift in Sources */,
				6E2F71CC1C14D26200E81D56 /* Bluetooth.swift in Sources */,
				6E2F71CA1C14D26200E81D56 /* Adapter.swift in Sources */,
				6E2F71CD1C14D26200E81D56 /* ByteValue.swift in Sources */,
			);
			runOnlyForDeploymentPostprocessing = 0;
		};
/* End PBXSourcesBuildPhase section */

/* Begin XCBuildConfiguration section */
		6E1697801C142A0A00264BED /* Debug */ = {
			isa = XCBuildConfiguration;
			buildSettings = {
				ALWAYS_SEARCH_USER_PATHS = NO;
				CLANG_CXX_LANGUAGE_STANDARD = "gnu++0x";
				CLANG_CXX_LIBRARY = "libc++";
				CLANG_ENABLE_MODULES = YES;
				CLANG_ENABLE_OBJC_ARC = YES;
				CLANG_WARN_BOOL_CONVERSION = YES;
				CLANG_WARN_CONSTANT_CONVERSION = YES;
				CLANG_WARN_DIRECT_OBJC_ISA_USAGE = YES_ERROR;
				CLANG_WARN_EMPTY_BODY = YES;
				CLANG_WARN_ENUM_CONVERSION = YES;
				CLANG_WARN_INT_CONVERSION = YES;
				CLANG_WARN_OBJC_ROOT_CLASS = YES_ERROR;
				CLANG_WARN_UNREACHABLE_CODE = YES;
				CLANG_WARN__DUPLICATE_METHOD_MATCH = YES;
				CODE_SIGN_IDENTITY = "-";
				COPY_PHASE_STRIP = NO;
				DEBUG_INFORMATION_FORMAT = dwarf;
				ENABLE_STRICT_OBJC_MSGSEND = YES;
				ENABLE_TESTABILITY = YES;
				GCC_C_LANGUAGE_STANDARD = gnu99;
				GCC_DYNAMIC_NO_PIC = NO;
				GCC_NO_COMMON_BLOCKS = YES;
				GCC_OPTIMIZATION_LEVEL = 0;
				GCC_PREPROCESSOR_DEFINITIONS = (
					"DEBUG=1",
					"$(inherited)",
				);
				GCC_WARN_64_TO_32_BIT_CONVERSION = YES;
				GCC_WARN_ABOUT_RETURN_TYPE = YES_ERROR;
				GCC_WARN_UNDECLARED_SELECTOR = YES;
				GCC_WARN_UNINITIALIZED_AUTOS = YES_AGGRESSIVE;
				GCC_WARN_UNUSED_FUNCTION = YES;
				GCC_WARN_UNUSED_VARIABLE = YES;
				MACOSX_DEPLOYMENT_TARGET = 10.11;
				MTL_ENABLE_DEBUG_INFO = YES;
				ONLY_ACTIVE_ARCH = YES;
				SDKROOT = macosx;
				SWIFT_OPTIMIZATION_LEVEL = "-Onone";
			};
			name = Debug;
		};
		6E1697811C142A0A00264BED /* Release */ = {
			isa = XCBuildConfiguration;
			buildSettings = {
				ALWAYS_SEARCH_USER_PATHS = NO;
				CLANG_CXX_LANGUAGE_STANDARD = "gnu++0x";
				CLANG_CXX_LIBRARY = "libc++";
				CLANG_ENABLE_MODULES = YES;
				CLANG_ENABLE_OBJC_ARC = YES;
				CLANG_WARN_BOOL_CONVERSION = YES;
				CLANG_WARN_CONSTANT_CONVERSION = YES;
				CLANG_WARN_DIRECT_OBJC_ISA_USAGE = YES_ERROR;
				CLANG_WARN_EMPTY_BODY = YES;
				CLANG_WARN_ENUM_CONVERSION = YES;
				CLANG_WARN_INT_CONVERSION = YES;
				CLANG_WARN_OBJC_ROOT_CLASS = YES_ERROR;
				CLANG_WARN_UNREACHABLE_CODE = YES;
				CLANG_WARN__DUPLICATE_METHOD_MATCH = YES;
				CODE_SIGN_IDENTITY = "-";
				COPY_PHASE_STRIP = NO;
				DEBUG_INFORMATION_FORMAT = "dwarf-with-dsym";
				ENABLE_NS_ASSERTIONS = NO;
				ENABLE_STRICT_OBJC_MSGSEND = YES;
				GCC_C_LANGUAGE_STANDARD = gnu99;
				GCC_NO_COMMON_BLOCKS = YES;
				GCC_WARN_64_TO_32_BIT_CONVERSION = YES;
				GCC_WARN_ABOUT_RETURN_TYPE = YES_ERROR;
				GCC_WARN_UNDECLARED_SELECTOR = YES;
				GCC_WARN_UNINITIALIZED_AUTOS = YES_AGGRESSIVE;
				GCC_WARN_UNUSED_FUNCTION = YES;
				GCC_WARN_UNUSED_VARIABLE = YES;
				MACOSX_DEPLOYMENT_TARGET = 10.11;
				MTL_ENABLE_DEBUG_INFO = NO;
				SDKROOT = macosx;
			};
			name = Release;
		};
		6E1697831C142A0A00264BED /* Debug */ = {
			isa = XCBuildConfiguration;
			buildSettings = {
				CLANG_ENABLE_MODULES = YES;
				LD_RUNPATH_SEARCH_PATHS = "$(inherited) @executable_path/../Frameworks @loader_path/../Frameworks";
				PRODUCT_NAME = BlueZ;
				SWIFT_OPTIMIZATION_LEVEL = "-Onone";
			};
			name = Debug;
		};
		6E1697841C142A0A00264BED /* Release */ = {
			isa = XCBuildConfiguration;
			buildSettings = {
				CLANG_ENABLE_MODULES = YES;
				LD_RUNPATH_SEARCH_PATHS = "$(inherited) @executable_path/../Frameworks @loader_path/../Frameworks";
				PRODUCT_NAME = BlueZ;
			};
			name = Release;
		};
/* End XCBuildConfiguration section */

/* Begin XCConfigurationList section */
		6E1697761C142A0A00264BED /* Build configuration list for PBXProject "BlueZ" */ = {
			isa = XCConfigurationList;
			buildConfigurations = (
				6E1697801C142A0A00264BED /* Debug */,
				6E1697811C142A0A00264BED /* Release */,
			);
			defaultConfigurationIsVisible = 0;
			defaultConfigurationName = Release;
		};
		6E1697821C142A0A00264BED /* Build configuration list for PBXNativeTarget "BlueZ" */ = {
			isa = XCConfigurationList;
			buildConfigurations = (
				6E1697831C142A0A00264BED /* Debug */,
				6E1697841C142A0A00264BED /* Release */,
			);
			defaultConfigurationIsVisible = 0;
			defaultConfigurationName = Release;
		};
/* End XCConfigurationList section */
	};
	rootObject = 6E1697731C142A0A00264BED /* Project object */;
}
